
Microsoft Visual Studio Solution File, Format Version 12.00
# Visual Studio Version 16
VisualStudioVersion = 16.0.30804.86
MinimumVisualStudioVersion = 10.0.40219.1
Project("{FAE04EC0-301F-11D3-BF4B-00C04F79EFBC}") = "BitCoinCalculator", "BitCoinCalculator\BitCoinCalculator.csproj", "{FF2A6D29-4A93-472F-A10F-8B64EC1FFF89}"
EndProject
Global
	GlobalSection(SolutionConfigurationPlatforms) = preSolution
		Debug|Any CPU = Debug|Any CPU
		Release|Any CPU = Release|Any CPU
	EndGlobalSection
	GlobalSection(ProjectConfigurationPlatforms) = postSolution
		{FF2A6D29-4A93-472F-A10F-8B64EC1FFF89}.Debug|Any CPU.ActiveCfg = Debug|Any CPU
		{FF2A6D29-4A93-472F-A10F-8B64EC1FFF89}.Debug|Any CPU.Build.0 = Debug|Any CPU
		{FF2A6D29-4A93-472F-A10F-8B64EC1FFF89}.Release|Any CPU.ActiveCfg = Release|Any CPU
		{FF2A6D29-4A93-472F-A10F-8B64EC1FFF89}.Release|Any CPU.Build.0 = Release|Any CPU
	EndGlobalSection
	GlobalSection(SolutionProperties) = preSolution
		HideSolutionNode = FALSE
	EndGlobalSection
	GlobalSection(ExtensibilityGlobals) = postSolution
		SolutionGuid = {130C005D-C65A-471B-86A4-1D38EFE54915}
	EndGlobalSection
EndGlobal
